// !$*UTF8*$!
{
	archiveVersion = 1;
	classes = {
	};
	objectVersion = 46;
	objects = {

/* Begin PBXBuildFile section */
		636D198A1DDC4F5200E5526E /* main.m in Sources */ = {isa = PBXBuildFile; fileRef = 636D19891DDC4F5200E5526E /* main.m */; };
		636D19921DDC4FAA00E5526E /* NSObject+CheckPalidromString.m in Sources */ = {isa = PBXBuildFile; fileRef = 636D19911DDC4FAA00E5526E /* NSObject+CheckPalidromString.m */; };
/* End PBXBuildFile section */

/* Begin PBXCopyFilesBuildPhase section */
		636D19841DDC4F5200E5526E /* CopyFiles */ = {
			isa = PBXCopyFilesBuildPhase;
			buildActionMask = 2147483647;
			dstPath = /usr/share/man/man1/;
			dstSubfolderSpec = 0;
			files = (
			);
			runOnlyForDeploymentPostprocessing = 1;
		};
/* End PBXCopyFilesBuildPhase section */

/* Begin PBXFileReference section */
		636D19861DDC4F5200E5526E /* SkStringPalidromorNot */ = {isa = PBXFileReference; explicitFileType = "compiled.mach-o.executable"; includeInIndex = 0; path = SkStringPalidromorNot; sourceTree = BUILT_PRODUCTS_DIR; };
		636D19891DDC4F5200E5526E /* main.m */ = {isa = PBXFileReference; lastKnownFileType = sourcecode.c.objc; path = main.m; sourceTree = "<group>"; };
		636D19901DDC4FAA00E5526E /* NSObject+CheckPalidromString.h */ = {isa = PBXFileReference; fileEncoding = 4; lastKnownFileType = sourcecode.c.h; path = "NSObject+CheckPalidromString.h"; sourceTree = "<group>"; };
		636D19911DDC4FAA00E5526E /* NSObject+CheckPalidromString.m */ = {isa = PBXFileReference; fileEncoding = 4; lastKnownFileType = sourcecode.c.objc; path = "NSObject+CheckPalidromString.m"; sourceTree = "<group>"; };
/* End PBXFileReference section */

/* Begin PBXFrameworksBuildPhase section */
		636D19831DDC4F5200E5526E /* Frameworks */ = {
			isa = PBXFrameworksBuildPhase;
			buildActionMask = 2147483647;
			files = (
			);
			runOnlyForDeploymentPostprocessing = 0;
		};
/* End PBXFrameworksBuildPhase section */

/* Begin PBXGroup section */
		636D197D1DDC4F5200E5526E = {
			isa = PBXGroup;
			children = (
				636D19881DDC4F5200E5526E /* SkStringPalidromorNot */,
				636D19871DDC4F5200E5526E /* Products */,
			);
			sourceTree = "<group>";
		};
		636D19871DDC4F5200E5526E /* Products */ = {
			isa = PBXGroup;
			children = (
				636D19861DDC4F5200E5526E /* SkStringPalidromorNot */,
			);
			name = Products;
			sourceTree = "<group>";
		};
		636D19881DDC4F5200E5526E /* SkStringPalidromorNot */ = {
			isa = PBXGroup;
			children = (
				636D19891DDC4F5200E5526E /* main.m */,
				636D19901DDC4FAA00E5526E /* NSObject+CheckPalidromString.h */,
				636D19911DDC4FAA00E5526E /* NSObject+CheckPalidromString.m */,
			);
			path = SkStringPalidromorNot;
			sourceTree = "<group>";
		};
/* End PBXGroup section */

/* Begin PBXNativeTarget section */
		636D19851DDC4F5200E5526E /* SkStringPalidromorNot */ = {
			isa = PBXNativeTarget;
			buildConfigurationList = 636D198D1DDC4F5200E5526E /* Build configuration list for PBXNativeTarget "SkStringPalidromorNot" */;
			buildPhases = (
				636D19821DDC4F5200E5526E /* Sources */,
				636D19831DDC4F5200E5526E /* Frameworks */,
				636D19841DDC4F5200E5526E /* CopyFiles */,
			);
			buildRules = (
			);
			dependencies = (
			);
			name = SkStringPalidromorNot;
			productName = SkStringPalidromorNot;
			productReference = 636D19861DDC4F5200E5526E /* SkStringPalidromorNot */;
			productType = "com.apple.product-type.tool";
		};
/* End PBXNativeTarget section */

/* Begin PBXProject section */
		636D197E1DDC4F5200E5526E /* Project object */ = {
			isa = PBXProject;
			attributes = {
				LastUpgradeCheck = 0730;
				ORGANIZATIONNAME = "Siddharth Koshiyar";
				TargetAttributes = {
					636D19851DDC4F5200E5526E = {
						CreatedOnToolsVersion = 7.3.1;
					};
				};
			};
			buildConfigurationList = 636D19811DDC4F5200E5526E /* Build configuration list for PBXProject "SkStringPalidromorNot" */;
			compatibilityVersion = "Xcode 3.2";
			developmentRegion = English;
			hasScannedForEncodings = 0;
			knownRegions = (
				en,
			);
			mainGroup = 636D197D1DDC4F5200E5526E;
			productRefGroup = 636D19871DDC4F5200E5526E /* Products */;
			projectDirPath = "";
			projectRoot = "";
			targets = (
				636D19851DDC4F5200E5526E /* SkStringPalidromorNot */,
			);
		};
/* End PBXProject section */

/* Begin PBXSourcesBuildPhase section */
		636D19821DDC4F5200E5526E /* Sources */ = {
			isa = PBXSourcesBuildPhase;
			buildActionMask = 2147483647;
			files = (
				636D198A1DDC4F5200E5526E /* main.m in Sources */,
				636D19921DDC4FAA00E5526E /* NSObject+CheckPalidromString.m in Sources */,
			);
			runOnlyForDeploymentPostprocessing = 0;
		};
/* End PBXSourcesBuildPhase section */

/* Begin XCBuildConfiguration section */
		636D198B1DDC4F5200E5526E /* Debug */ = {
			isa = XCBuildConfiguration;
			buildSettings = {
				ALWAYS_SEARCH_USER_PATHS = NO;
				CLANG_ANALYZER_NONNULL = YES;
				CLANG_CXX_LANGUAGE_STANDARD = "gnu++0x";
				CLANG_CXX_LIBRARY = "libc++";
				CLANG_ENABLE_MODULES = YES;
				CLANG_ENABLE_OBJC_ARC = YES;
				CLANG_WARN_BOOL_CONVERSION = YES;
				CLANG_WARN_CONSTANT_CONVERSION = YES;
				CLANG_WARN_DIRECT_OBJC_ISA_USAGE = YES_ERROR;
				CLANG_WARN_EMPTY_BODY = YES;
				CLANG_WARN_ENUM_CONVERSION = YES;
				CLANG_WARN_INT_CONVERSION = YES;
				CLANG_WARN_OBJC_ROOT_CLASS = YES_ERROR;
				CLANG_WARN_UNREACHABLE_CODE = YES;
				CLANG_WARN__DUPLICATE_METHOD_MATCH = YES;
				CODE_SIGN_IDENTITY = "-";
				COPY_PHASE_STRIP = NO;
				DEBUG_INFORMATION_FORMAT = dwarf;
				ENABLE_STRICT_OBJC_MSGSEND = YES;
				ENABLE_TESTABILITY = YES;
				GCC_C_LANGUAGE_STANDARD = gnu99;
				GCC_DYNAMIC_NO_PIC = NO;
				GCC_NO_COMMON_BLOCKS = YES;
				GCC_OPTIMIZATION_LEVEL = 0;
				GCC_PREPROCESSOR_DEFINITIONS = (
					"DEBUG=1",
					"$(inherited)",
				);
				GCC_WARN_64_TO_32_BIT_CONVERSION = YES;
				GCC_WARN_ABOUT_RETURN_TYPE = YES_ERROR;
				GCC_WARN_UNDECLARED_SELECTOR = YES;
				GCC_WARN_UNINITIALIZED_AUTOS = YES_AGGRESSIVE;
				GCC_WARN_UNUSED_FUNCTION = YES;
				GCC_WARN_UNUSED_VARIABLE = YES;
				MACOSX_DEPLOYMENT_TARGET = 10.11;
				MTL_ENABLE_DEBUG_INFO = YES;
				ONLY_ACTIVE_ARCH = YES;
				SDKROOT = macosx;
			};
			name = Debug;
		};
		636D198C1DDC4F5200E5526E /* Release */ = {
			isa = XCBuildConfiguration;
			buildSettings = {
				ALWAYS_SEARCH_USER_PATHS = NO;
				CLANG_ANALYZER_NONNULL = YES;
				CLANG_CXX_LANGUAGE_STANDARD = "gnu++0x";
				CLANG_CXX_LIBRARY = "libc++";
				CLANG_ENABLE_MODULES = YES;
				CLANG_ENABLE_OBJC_ARC = YES;
				CLANG_WARN_BOOL_CONVERSION = YES;
				CLANG_WARN_CONSTANT_CONVERSION = YES;
				CLANG_WARN_DIRECT_OBJC_ISA_USAGE = YES_ERROR;
				CLANG_WARN_EMPTY_BODY = YES;
				CLANG_WARN_ENUM_CONVERSION = YES;
				CLANG_WARN_INT_CONVERSION = YES;
				CLANG_WARN_OBJC_ROOT_CLASS = YES_ERROR;
				CLANG_WARN_UNREACHABLE_CODE = YES;
				CLANG_WARN__DUPLICATE_METHOD_MATCH = YES;
				CODE_SIGN_IDENTITY = "-";
				COPY_PHASE_STRIP = NO;
				DEBUG_INFORMATION_FORMAT = "dwarf-with-dsym";
				ENABLE_NS_ASSERTIONS = NO;
				ENABLE_STRICT_OBJC_MSGSEND = YES;
				GCC_C_LANGUAGE_STANDARD = gnu99;
				GCC_NO_COMMON_BLOCKS = YES;
				GCC_WARN_64_TO_32_BIT_CONVERSION = YES;
				GCC_WARN_ABOUT_RETURN_TYPE = YES_ERROR;
				GCC_WARN_UNDECLARED_SELECTOR = YES;
				GCC_WARN_UNINITIALIZED_AUTOS = YES_AGGRESSIVE;
				GCC_WARN_UNUSED_FUNCTION = YES;
				GCC_WARN_UNUSED_VARIABLE = YES;
				MACOSX_DEPLOYMENT_TARGET = 10.11;
				MTL_ENABLE_DEBUG_INFO = NO;
				SDKROOT = macosx;
			};
			name = Release;
		};
		636D198E1DDC4F5200E5526E /* Debug */ = {
			isa = XCBuildConfiguration;
			buildSettings = {
				PRODUCT_NAME = "$(TARGET_NAME)";
			};
			name = Debug;
		};
		636D198F1DDC4F5200E5526E /* Release */ = {
			isa = XCBuildConfiguration;
			buildSettings = {
				PRODUCT_NAME = "$(TARGET_NAME)";
			};
			name = Release;
		};
/* End XCBuildConfiguration section */

/* Begin XCConfigurationList section */
		636D19811DDC4F5200E5526E /* Build configuration list for PBXProject "SkStringPalidromorNot" */ = {
			isa = XCConfigurationList;
			buildConfigurations = (
				636D198B1DDC4F5200E5526E /* Debug */,
				636D198C1DDC4F5200E5526E /* Release */,
			);
			defaultConfigurationIsVisible = 0;
			defaultConfigurationName = Release;
		};
		636D198D1DDC4F5200E5526E /* Build configuration list for PBXNativeTarget "SkStringPalidromorNot" */ = {
			isa = XCConfigurationList;
			buildConfigurations = (
				636D198E1DDC4F5200E5526E /* Debug */,
				636D198F1DDC4F5200E5526E /* Release */,
			);
			defaultConfigurationIsVisible = 0;
		};
/* End XCConfigurationList section */
	};
	rootObject = 636D197E1DDC4F5200E5526E /* Project object */;
}
